// !$*UTF8*$!
{
	archiveVersion = 1;
	classes = {
	};
	objectVersion = 50;
	objects = {

/* Begin PBXBuildFile section */
		C126C029270C68F1000AB79B /* DetailViewController.swift in Sources */ = {isa = PBXBuildFile; fileRef = C126C028270C68F1000AB79B /* DetailViewController.swift */; };
		C141C90B270719CB00C7CEB5 /* AppDelegate.swift in Sources */ = {isa = PBXBuildFile; fileRef = C141C90A270719CB00C7CEB5 /* AppDelegate.swift */; };
		C141C90D270719CB00C7CEB5 /* SceneDelegate.swift in Sources */ = {isa = PBXBuildFile; fileRef = C141C90C270719CB00C7CEB5 /* SceneDelegate.swift */; };
		C141C912270719CB00C7CEB5 /* Main.storyboard in Resources */ = {isa = PBXBuildFile; fileRef = C141C910270719CB00C7CEB5 /* Main.storyboard */; };
		C141C914270719CE00C7CEB5 /* Assets.xcassets in Resources */ = {isa = PBXBuildFile; fileRef = C141C913270719CE00C7CEB5 /* Assets.xcassets */; };
		C141C917270719CE00C7CEB5 /* LaunchScreen.storyboard in Resources */ = {isa = PBXBuildFile; fileRef = C141C915270719CE00C7CEB5 /* LaunchScreen.storyboard */; };
		C141C92227071A5800C7CEB5 /* RestaurantData.swift in Sources */ = {isa = PBXBuildFile; fileRef = C141C92127071A5800C7CEB5 /* RestaurantData.swift */; };
		C141C92427071C6700C7CEB5 /* RestaurantManager.swift in Sources */ = {isa = PBXBuildFile; fileRef = C141C92327071C6700C7CEB5 /* RestaurantManager.swift */; };
		C141C9262709AF9A00C7CEB5 /* TableViewController.swift in Sources */ = {isa = PBXBuildFile; fileRef = C141C9252709AF9A00C7CEB5 /* TableViewController.swift */; };
		C141C9282709B79B00C7CEB5 /* TableViewCell.swift in Sources */ = {isa = PBXBuildFile; fileRef = C141C9272709B79B00C7CEB5 /* TableViewCell.swift */; };
		C1A2485C2709DE4D003E1EAF /* RestaurantModel.swift in Sources */ = {isa = PBXBuildFile; fileRef = C1A2485B2709DE4D003E1EAF /* RestaurantModel.swift */; };
		C1CC7A26270DBABD00DCF1FB /* StaticTableViewCell.swift in Sources */ = {isa = PBXBuildFile; fileRef = C1CC7A25270DBABD00DCF1FB /* StaticTableViewCell.swift */; };
/* End PBXBuildFile section */

/* Begin PBXFileReference section */
		C126C028270C68F1000AB79B /* DetailViewController.swift */ = {isa = PBXFileReference; lastKnownFileType = sourcecode.swift; path = DetailViewController.swift; sourceTree = "<group>"; };
		C141C907270719CB00C7CEB5 /* Restaurants Explorer.app */ = {isa = PBXFileReference; explicitFileType = wrapper.application; includeInIndex = 0; path = "Restaurants Explorer.app"; sourceTree = BUILT_PRODUCTS_DIR; };
		C141C90A270719CB00C7CEB5 /* AppDelegate.swift */ = {isa = PBXFileReference; lastKnownFileType = sourcecode.swift; path = AppDelegate.swift; sourceTree = "<group>"; };
		C141C90C270719CB00C7CEB5 /* SceneDelegate.swift */ = {isa = PBXFileReference; lastKnownFileType = sourcecode.swift; path = SceneDelegate.swift; sourceTree = "<group>"; };
		C141C911270719CB00C7CEB5 /* Base */ = {isa = PBXFileReference; lastKnownFileType = file.storyboard; name = Base; path = Base.lproj/Main.storyboard; sourceTree = "<group>"; };
		C141C913270719CE00C7CEB5 /* Assets.xcassets */ = {isa = PBXFileReference; lastKnownFileType = folder.assetcatalog; path = Assets.xcassets; sourceTree = "<group>"; };
		C141C916270719CE00C7CEB5 /* Base */ = {isa = PBXFileReference; lastKnownFileType = file.storyboard; name = Base; path = Base.lproj/LaunchScreen.storyboard; sourceTree = "<group>"; };
		C141C918270719CE00C7CEB5 /* Info.plist */ = {isa = PBXFileReference; lastKnownFileType = text.plist.xml; path = Info.plist; sourceTree = "<group>"; };
		C141C92127071A5800C7CEB5 /* RestaurantData.swift */ = {isa = PBXFileReference; lastKnownFileType = sourcecode.swift; path = RestaurantData.swift; sourceTree = "<group>"; };
		C141C92327071C6700C7CEB5 /* RestaurantManager.swift */ = {isa = PBXFileReference; lastKnownFileType = sourcecode.swift; path = RestaurantManager.swift; sourceTree = "<group>"; };
		C141C9252709AF9A00C7CEB5 /* TableViewController.swift */ = {isa = PBXFileReference; lastKnownFileType = sourcecode.swift; path = TableViewController.swift; sourceTree = "<group>"; };
		C141C9272709B79B00C7CEB5 /* TableViewCell.swift */ = {isa = PBXFileReference; lastKnownFileType = sourcecode.swift; path = TableViewCell.swift; sourceTree = "<group>"; };
		C1A2485B2709DE4D003E1EAF /* RestaurantModel.swift */ = {isa = PBXFileReference; lastKnownFileType = sourcecode.swift; path = RestaurantModel.swift; sourceTree = "<group>"; };
		C1CC7A25270DBABD00DCF1FB /* StaticTableViewCell.swift */ = {isa = PBXFileReference; lastKnownFileType = sourcecode.swift; path = StaticTableViewCell.swift; sourceTree = "<group>"; };
/* End PBXFileReference section */

/* Begin PBXFrameworksBuildPhase section */
		C141C904270719CB00C7CEB5 /* Frameworks */ = {
			isa = PBXFrameworksBuildPhase;
			buildActionMask = 2147483647;
			files = (
			);
			runOnlyForDeploymentPostprocessing = 0;
		};
/* End PBXFrameworksBuildPhase section */

/* Begin PBXGroup section */
		C141C8FE270719CA00C7CEB5 = {
			isa = PBXGroup;
			children = (
				C141C909270719CB00C7CEB5 /* Restaurants Explorer */,
				C141C908270719CB00C7CEB5 /* Products */,
			);
			sourceTree = "<group>";
		};
		C141C908270719CB00C7CEB5 /* Products */ = {
			isa = PBXGroup;
			children = (
				C141C907270719CB00C7CEB5 /* Restaurants Explorer.app */,
			);
			name = Products;
			sourceTree = "<group>";
		};
		C141C909270719CB00C7CEB5 /* Restaurants Explorer */ = {
			isa = PBXGroup;
			children = (
				C141C90A270719CB00C7CEB5 /* AppDelegate.swift */,
				C141C90C270719CB00C7CEB5 /* SceneDelegate.swift */,
				C141C920270719E000C7CEB5 /* Model */,
				C141C91F270719DD00C7CEB5 /* View */,
				C141C91E270719DA00C7CEB5 /* Controller */,
				C141C913270719CE00C7CEB5 /* Assets.xcassets */,
				C141C915270719CE00C7CEB5 /* LaunchScreen.storyboard */,
				C141C918270719CE00C7CEB5 /* Info.plist */,
			);
			path = "Restaurants Explorer";
			sourceTree = "<group>";
		};
		C141C91E270719DA00C7CEB5 /* Controller */ = {
			isa = PBXGroup;
			children = (
				C141C9252709AF9A00C7CEB5 /* TableViewController.swift */,
				C126C028270C68F1000AB79B /* DetailViewController.swift */,
				C1CC7A25270DBABD00DCF1FB /* StaticTableViewCell.swift */,
				C141C9272709B79B00C7CEB5 /* TableViewCell.swift */,
			);
			path = Controller;
			sourceTree = "<group>";
		};
		C141C91F270719DD00C7CEB5 /* View */ = {
			isa = PBXGroup;
			children = (
				C141C910270719CB00C7CEB5 /* Main.storyboard */,
			);
			path = View;
			sourceTree = "<group>";
		};
		C141C920270719E000C7CEB5 /* Model */ = {
			isa = PBXGroup;
			children = (
				C141C92127071A5800C7CEB5 /* RestaurantData.swift */,
				C1A2485B2709DE4D003E1EAF /* RestaurantModel.swift */,
				C141C92327071C6700C7CEB5 /* RestaurantManager.swift */,
			);
			path = Model;
			sourceTree = "<group>";
		};
/* End PBXGroup section */

/* Begin PBXNativeTarget section */
		C141C906270719CB00C7CEB5 /* Restaurants Explorer */ = {
			isa = PBXNativeTarget;
			buildConfigurationList = C141C91B270719CE00C7CEB5 /* Build configuration list for PBXNativeTarget "Restaurants Explorer" */;
			buildPhases = (
				C141C903270719CB00C7CEB5 /* Sources */,
				C141C904270719CB00C7CEB5 /* Frameworks */,
				C141C905270719CB00C7CEB5 /* Resources */,
			);
			buildRules = (
			);
			dependencies = (
			);
			name = "Restaurants Explorer";
			productName = "Restaurants Explorer";
			productReference = C141C907270719CB00C7CEB5 /* Restaurants Explorer.app */;
			productType = "com.apple.product-type.application";
		};
/* End PBXNativeTarget section */

/* Begin PBXProject section */
		C141C8FF270719CA00C7CEB5 /* Project object */ = {
			isa = PBXProject;
			attributes = {
				LastSwiftUpdateCheck = 1250;
				LastUpgradeCheck = 1250;
				TargetAttributes = {
					C141C906270719CB00C7CEB5 = {
						CreatedOnToolsVersion = 12.5;
					};
				};
			};
			buildConfigurationList = C141C902270719CA00C7CEB5 /* Build configuration list for PBXProject "Restaurants Explorer" */;
			compatibilityVersion = "Xcode 9.3";
			developmentRegion = en;
			hasScannedForEncodings = 0;
			knownRegions = (
				en,
				Base,
			);
			mainGroup = C141C8FE270719CA00C7CEB5;
			productRefGroup = C141C908270719CB00C7CEB5 /* Products */;
			projectDirPath = "";
			projectRoot = "";
			targets = (
				C141C906270719CB00C7CEB5 /* Restaurants Explorer */,
			);
		};
/* End PBXProject section */

/* Begin PBXResourcesBuildPhase section */
		C141C905270719CB00C7CEB5 /* Resources */ = {
			isa = PBXResourcesBuildPhase;
			buildActionMask = 2147483647;
			files = (
				C141C917270719CE00C7CEB5 /* LaunchScreen.storyboard in Resources */,
				C141C914270719CE00C7CEB5 /* Assets.xcassets in Resources */,
				C141C912270719CB00C7CEB5 /* Main.storyboard in Resources */,
			);
			runOnlyForDeploymentPostprocessing = 0;
		};
/* End PBXResourcesBuildPhase section */

/* Begin PBXSourcesBuildPhase section */
		C141C903270719CB00C7CEB5 /* Sources */ = {
			isa = PBXSourcesBuildPhase;
			buildActionMask = 2147483647;
			files = (
				C126C029270C68F1000AB79B /* DetailViewController.swift in Sources */,
				C141C9262709AF9A00C7CEB5 /* TableViewController.swift in Sources */,
				C141C92427071C6700C7CEB5 /* RestaurantManager.swift in Sources */,
				C1A2485C2709DE4D003E1EAF /* RestaurantModel.swift in Sources */,
				C1CC7A26270DBABD00DCF1FB /* StaticTableViewCell.swift in Sources */,
				C141C90B270719CB00C7CEB5 /* AppDelegate.swift in Sources */,
				C141C92227071A5800C7CEB5 /* RestaurantData.swift in Sources */,
				C141C9282709B79B00C7CEB5 /* TableViewCell.swift in Sources */,
				C141C90D270719CB00C7CEB5 /* SceneDelegate.swift in Sources */,
			);
			runOnlyForDeploymentPostprocessing = 0;
		};
/* End PBXSourcesBuildPhase section */

/* Begin PBXVariantGroup section */
		C141C910270719CB00C7CEB5 /* Main.storyboard */ = {
			isa = PBXVariantGroup;
			children = (
				C141C911270719CB00C7CEB5 /* Base */,
			);
			name = Main.storyboard;
			sourceTree = "<group>";
		};
		C141C915270719CE00C7CEB5 /* LaunchScreen.storyboard */ = {
			isa = PBXVariantGroup;
			children = (
				C141C916270719CE00C7CEB5 /* Base */,
			);
			name = LaunchScreen.storyboard;
			sourceTree = "<group>";
		};
/* End PBXVariantGroup section */

/* Begin XCBuildConfiguration section */
		C141C919270719CE00C7CEB5 /* Debug */ = {
			isa = XCBuildConfiguration;
			buildSettings = {
				ALWAYS_SEARCH_USER_PATHS = NO;
				CLANG_ANALYZER_NONNULL = YES;
				CLANG_ANALYZER_NUMBER_OBJECT_CONVERSION = YES_AGGRESSIVE;
				CLANG_CXX_LANGUAGE_STANDARD = "gnu++14";
				CLANG_CXX_LIBRARY = "libc++";
				CLANG_ENABLE_MODULES = YES;
				CLANG_ENABLE_OBJC_ARC = YES;
				CLANG_ENABLE_OBJC_WEAK = YES;
				CLANG_WARN_BLOCK_CAPTURE_AUTORELEASING = YES;
				CLANG_WARN_BOOL_CONVERSION = YES;
				CLANG_WARN_COMMA = YES;
				CLANG_WARN_CONSTANT_CONVERSION = YES;
				CLANG_WARN_DEPRECATED_OBJC_IMPLEMENTATIONS = YES;
				CLANG_WARN_DIRECT_OBJC_ISA_USAGE = YES_ERROR;
				CLANG_WARN_DOCUMENTATION_COMMENTS = YES;
				CLANG_WARN_EMPTY_BODY = YES;
				CLANG_WARN_ENUM_CONVERSION = YES;
				CLANG_WARN_INFINITE_RECURSION = YES;
				CLANG_WARN_INT_CONVERSION = YES;
				CLANG_WARN_NON_LITERAL_NULL_CONVERSION = YES;
				CLANG_WARN_OBJC_IMPLICIT_RETAIN_SELF = YES;
				CLANG_WARN_OBJC_LITERAL_CONVERSION = YES;
				CLANG_WARN_OBJC_ROOT_CLASS = YES_ERROR;
				CLANG_WARN_QUOTED_INCLUDE_IN_FRAMEWORK_HEADER = YES;
				CLANG_WARN_RANGE_LOOP_ANALYSIS = YES;
				CLANG_WARN_STRICT_PROTOTYPES = YES;
				CLANG_WARN_SUSPICIOUS_MOVE = YES;
				CLANG_WARN_UNGUARDED_AVAILABILITY = YES_AGGRESSIVE;
				CLANG_WARN_UNREACHABLE_CODE = YES;
				CLANG_WARN__DUPLICATE_METHOD_MATCH = YES;
				COPY_PHASE_STRIP = NO;
				DEBUG_INFORMATION_FORMAT = dwarf;
				ENABLE_STRICT_OBJC_MSGSEND = YES;
				ENABLE_TESTABILITY = YES;
				GCC_C_LANGUAGE_STANDARD = gnu11;
				GCC_DYNAMIC_NO_PIC = NO;
				GCC_NO_COMMON_BLOCKS = YES;
				GCC_OPTIMIZATION_LEVEL = 0;
				GCC_PREPROCESSOR_DEFINITIONS = (
					"DEBUG=1",
					"$(inherited)",
				);
				GCC_WARN_64_TO_32_BIT_CONVERSION = YES;
				GCC_WARN_ABOUT_RETURN_TYPE = YES_ERROR;
				GCC_WARN_UNDECLARED_SELECTOR = YES;
				GCC_WARN_UNINITIALIZED_AUTOS = YES_AGGRESSIVE;
				GCC_WARN_UNUSED_FUNCTION = YES;
				GCC_WARN_UNUSED_VARIABLE = YES;
				IPHONEOS_DEPLOYMENT_TARGET = 14.5;
				MTL_ENABLE_DEBUG_INFO = INCLUDE_SOURCE;
				MTL_FAST_MATH = YES;
				ONLY_ACTIVE_ARCH = YES;
				SDKROOT = iphoneos;
				SWIFT_ACTIVE_COMPILATION_CONDITIONS = DEBUG;
				SWIFT_OPTIMIZATION_LEVEL = "-Onone";
			};
			name = Debug;
		};
		C141C91A270719CE00C7CEB5 /* Release */ = {
			isa = XCBuildConfiguration;
			buildSettings = {
				ALWAYS_SEARCH_USER_PATHS = NO;
				CLANG_ANALYZER_NONNULL = YES;
				CLANG_ANALYZER_NUMBER_OBJECT_CONVERSION = YES_AGGRESSIVE;
				CLANG_CXX_LANGUAGE_STANDARD = "gnu++14";
				CLANG_CXX_LIBRARY = "libc++";
				CLANG_ENABLE_MODULES = YES;
				CLANG_ENABLE_OBJC_ARC = YES;
				CLANG_ENABLE_OBJC_WEAK = YES;
				CLANG_WARN_BLOCK_CAPTURE_AUTORELEASING = YES;
				CLANG_WARN_BOOL_CONVERSION = YES;
				CLANG_WARN_COMMA = YES;
				CLANG_WARN_CONSTANT_CONVERSION = YES;
				CLANG_WARN_DEPRECATED_OBJC_IMPLEMENTATIONS = YES;
				CLANG_WARN_DIRECT_OBJC_ISA_USAGE = YES_ERROR;
				CLANG_WARN_DOCUMENTATION_COMMENTS = YES;
				CLANG_WARN_EMPTY_BODY = YES;
				CLANG_WARN_ENUM_CONVERSION = YES;
				CLANG_WARN_INFINITE_RECURSION = YES;
				CLANG_WARN_INT_CONVERSION = YES;
				CLANG_WARN_NON_LITERAL_NULL_CONVERSION = YES;
				CLANG_WARN_OBJC_IMPLICIT_RETAIN_SELF = YES;
				CLANG_WARN_OBJC_LITERAL_CONVERSION = YES;
				CLANG_WARN_OBJC_ROOT_CLASS = YES_ERROR;
				CLANG_WARN_QUOTED_INCLUDE_IN_FRAMEWORK_HEADER = YES;
				CLANG_WARN_RANGE_LOOP_ANALYSIS = YES;
				CLANG_WARN_STRICT_PROTOTYPES = YES;
				CLANG_WARN_SUSPICIOUS_MOVE = YES;
				CLANG_WARN_UNGUARDED_AVAILABILITY = YES_AGGRESSIVE;
				CLANG_WARN_UNREACHABLE_CODE = YES;
				CLANG_WARN__DUPLICATE_METHOD_MATCH = YES;
				COPY_PHASE_STRIP = NO;
				DEBUG_INFORMATION_FORMAT = "dwarf-with-dsym";
				ENABLE_NS_ASSERTIONS = NO;
				ENABLE_STRICT_OBJC_MSGSEND = YES;
				GCC_C_LANGUAGE_STANDARD = gnu11;
				GCC_NO_COMMON_BLOCKS = YES;
				GCC_WARN_64_TO_32_BIT_CONVERSION = YES;
				GCC_WARN_ABOUT_RETURN_TYPE = YES_ERROR;
				GCC_WARN_UNDECLARED_SELECTOR = YES;
				GCC_WARN_UNINITIALIZED_AUTOS = YES_AGGRESSIVE;
				GCC_WARN_UNUSED_FUNCTION = YES;
				GCC_WARN_UNUSED_VARIABLE = YES;
				IPHONEOS_DEPLOYMENT_TARGET = 14.5;
				MTL_ENABLE_DEBUG_INFO = NO;
				MTL_FAST_MATH = YES;
				SDKROOT = iphoneos;
				SWIFT_COMPILATION_MODE = wholemodule;
				SWIFT_OPTIMIZATION_LEVEL = "-O";
				VALIDATE_PRODUCT = YES;
			};
			name = Release;
		};
		C141C91C270719CE00C7CEB5 /* Debug */ = {
			isa = XCBuildConfiguration;
			buildSettings = {
				ASSETCATALOG_COMPILER_APPICON_NAME = AppIcon;
				ASSETCATALOG_COMPILER_GLOBAL_ACCENT_COLOR_NAME = AccentColor;
				CODE_SIGN_STYLE = Automatic;
				DEVELOPMENT_TEAM = NLRBJCDJ8Q;
				INFOPLIST_FILE = "Restaurants Explorer/Info.plist";
				LD_RUNPATH_SEARCH_PATHS = (
					"$(inherited)",
					"@executable_path/Frameworks",
				);
				PRODUCT_BUNDLE_IDENTIFIER = "co.maksmorgy.Restaurants-Explorer";
				PRODUCT_NAME = "$(TARGET_NAME)";
				SWIFT_VERSION = 5.0;
				TARGETED_DEVICE_FAMILY = "1,2";
			};
			name = Debug;
		};
		C141C91D270719CE00C7CEB5 /* Release */ = {
			isa = XCBuildConfiguration;
			buildSettings = {
				ASSETCATALOG_COMPILER_APPICON_NAME = AppIcon;
				ASSETCATALOG_COMPILER_GLOBAL_ACCENT_COLOR_NAME = AccentColor;
				CODE_SIGN_STYLE = Automatic;
				DEVELOPMENT_TEAM = NLRBJCDJ8Q;
				INFOPLIST_FILE = "Restaurants Explorer/Info.plist";
				LD_RUNPATH_SEARCH_PATHS = (
					"$(inherited)",
					"@executable_path/Frameworks",
				);
				PRODUCT_BUNDLE_IDENTIFIER = "co.maksmorgy.Restaurants-Explorer";
				PRODUCT_NAME = "$(TARGET_NAME)";
				SWIFT_VERSION = 5.0;
				TARGETED_DEVICE_FAMILY = "1,2";
			};
			name = Release;
		};
/* End XCBuildConfiguration section */

/* Begin XCConfigurationList section */
		C141C902270719CA00C7CEB5 /* Build configuration list for PBXProject "Restaurants Explorer" */ = {
			isa = XCConfigurationList;
			buildConfigurations = (
				C141C919270719CE00C7CEB5 /* Debug */,
				C141C91A270719CE00C7CEB5 /* Release */,
			);
			defaultConfigurationIsVisible = 0;
			defaultConfigurationName = Release;
		};
		C141C91B270719CE00C7CEB5 /* Build configuration list for PBXNativeTarget "Restaurants Explorer" */ = {
			isa = XCConfigurationList;
			buildConfigurations = (
				C141C91C270719CE00C7CEB5 /* Debug */,
				C141C91D270719CE00C7CEB5 /* Release */,
			);
			defaultConfigurationIsVisible = 0;
			defaultConfigurationName = Release;
		};
/* End XCConfigurationList section */
	};
	rootObject = C141C8FF270719CA00C7CEB5 /* Project object */;
}
